
Microsoft Visual Studio Solution File, Format Version 12.00
# Visual Studio Version 16
VisualStudioVersion = 16.0.31313.79
MinimumVisualStudioVersion = 10.0.40219.1
Project("{FAE04EC0-301F-11D3-BF4B-00C04F79EFBC}") = "Umbraco", "Umbraco\Umbraco.csproj", "{6DD79B2B-D7F6-4B3A-862C-7D6E1ACD0563}"
EndProject
Project("{FAE04EC0-301F-11D3-BF4B-00C04F79EFBC}") = "cmsCore.Library", "cmsCore.Library\cmsCore.Library.csproj", "{B8173D10-A77E-428F-BF6F-0C0AF474D76E}"
EndProject
Global
	GlobalSection(SolutionConfigurationPlatforms) = preSolution
		Debug|Any CPU = Debug|Any CPU
		Release|Any CPU = Release|Any CPU
	EndGlobalSection
	GlobalSection(ProjectConfigurationPlatforms) = postSolution
		{6DD79B2B-D7F6-4B3A-862C-7D6E1ACD0563}.Debug|Any CPU.ActiveCfg = Debug|Any CPU
		{6DD79B2B-D7F6-4B3A-862C-7D6E1ACD0563}.Debug|Any CPU.Build.0 = Debug|Any CPU
		{6DD79B2B-D7F6-4B3A-862C-7D6E1ACD0563}.Release|Any CPU.ActiveCfg = Release|Any CPU
		{6DD79B2B-D7F6-4B3A-862C-7D6E1ACD0563}.Release|Any CPU.Build.0 = Release|Any CPU
		{B8173D10-A77E-428F-BF6F-0C0AF474D76E}.Debug|Any CPU.ActiveCfg = Debug|Any CPU
		{B8173D10-A77E-428F-BF6F-0C0AF474D76E}.Debug|Any CPU.Build.0 = Debug|Any CPU
		{B8173D10-A77E-428F-BF6F-0C0AF474D76E}.Release|Any CPU.ActiveCfg = Release|Any CPU
		{B8173D10-A77E-428F-BF6F-0C0AF474D76E}.Release|Any CPU.Build.0 = Release|Any CPU
	EndGlobalSection
	GlobalSection(SolutionProperties) = preSolution
		HideSolutionNode = FALSE
	EndGlobalSection
	GlobalSection(ExtensibilityGlobals) = postSolution
		SolutionGuid = {DAC7FD17-BC04-4F15-A392-C5DFD5CB7123}
	EndGlobalSection
EndGlobal
